// !$*UTF8*$!
{
	archiveVersion = 1;
	classes = {
	};
	objectVersion = 46;
	objects = {

/* Begin PBXBuildFile section */
		8207725F1A38A42600A0C871 /* AppDelegate.swift in Sources */ = {isa = PBXBuildFile; fileRef = 8207725E1A38A42600A0C871 /* AppDelegate.swift */; };
		820772611A38A42600A0C871 /* ViewController.swift in Sources */ = {isa = PBXBuildFile; fileRef = 820772601A38A42600A0C871 /* ViewController.swift */; };
		820772641A38A42600A0C871 /* Main.storyboard in Resources */ = {isa = PBXBuildFile; fileRef = 820772621A38A42600A0C871 /* Main.storyboard */; };
		820772661A38A42600A0C871 /* Images.xcassets in Resources */ = {isa = PBXBuildFile; fileRef = 820772651A38A42600A0C871 /* Images.xcassets */; };
		820772691A38A42600A0C871 /* LaunchScreen.xib in Resources */ = {isa = PBXBuildFile; fileRef = 820772671A38A42600A0C871 /* LaunchScreen.xib */; };
		820772751A38A42600A0C871 /* FirstxcodprojectTests.swift in Sources */ = {isa = PBXBuildFile; fileRef = 820772741A38A42600A0C871 /* FirstxcodprojectTests.swift */; };
/* End PBXBuildFile section */

/* Begin PBXContainerItemProxy section */
		8207726F1A38A42600A0C871 /* PBXContainerItemProxy */ = {
			isa = PBXContainerItemProxy;
			containerPortal = 820772511A38A42600A0C871 /* Project object */;
			proxyType = 1;
			remoteGlobalIDString = 820772581A38A42600A0C871;
			remoteInfo = Firstxcodproject;
		};
/* End PBXContainerItemProxy section */

/* Begin PBXFileReference section */
		820772591A38A42600A0C871 /* Firstxcodproject.app */ = {isa = PBXFileReference; explicitFileType = wrapper.application; includeInIndex = 0; path = Firstxcodproject.app; sourceTree = BUILT_PRODUCTS_DIR; };
		8207725D1A38A42600A0C871 /* Info.plist */ = {isa = PBXFileReference; lastKnownFileType = text.plist.xml; path = Info.plist; sourceTree = "<group>"; };
		8207725E1A38A42600A0C871 /* AppDelegate.swift */ = {isa = PBXFileReference; lastKnownFileType = sourcecode.swift; path = AppDelegate.swift; sourceTree = "<group>"; };
		820772601A38A42600A0C871 /* ViewController.swift */ = {isa = PBXFileReference; lastKnownFileType = sourcecode.swift; path = ViewController.swift; sourceTree = "<group>"; };
		820772631A38A42600A0C871 /* Base */ = {isa = PBXFileReference; lastKnownFileType = file.storyboard; name = Base; path = Base.lproj/Main.storyboard; sourceTree = "<group>"; };
		820772651A38A42600A0C871 /* Images.xcassets */ = {isa = PBXFileReference; lastKnownFileType = folder.assetcatalog; path = Images.xcassets; sourceTree = "<group>"; };
		820772681A38A42600A0C871 /* Base */ = {isa = PBXFileReference; lastKnownFileType = file.xib; name = Base; path = Base.lproj/LaunchScreen.xib; sourceTree = "<group>"; };
		8207726E1A38A42600A0C871 /* FirstxcodprojectTests.xctest */ = {isa = PBXFileReference; explicitFileType = wrapper.cfbundle; includeInIndex = 0; path = FirstxcodprojectTests.xctest; sourceTree = BUILT_PRODUCTS_DIR; };
		820772731A38A42600A0C871 /* Info.plist */ = {isa = PBXFileReference; lastKnownFileType = text.plist.xml; path = Info.plist; sourceTree = "<group>"; };
		820772741A38A42600A0C871 /* FirstxcodprojectTests.swift */ = {isa = PBXFileReference; lastKnownFileType = sourcecode.swift; path = FirstxcodprojectTests.swift; sourceTree = "<group>"; };
/* End PBXFileReference section */

/* Begin PBXFrameworksBuildPhase section */
		820772561A38A42600A0C871 /* Frameworks */ = {
			isa = PBXFrameworksBuildPhase;
			buildActionMask = 2147483647;
			files = (
			);
			runOnlyForDeploymentPostprocessing = 0;
		};
		8207726B1A38A42600A0C871 /* Frameworks */ = {
			isa = PBXFrameworksBuildPhase;
			buildActionMask = 2147483647;
			files = (
			);
			runOnlyForDeploymentPostprocessing = 0;
		};
/* End PBXFrameworksBuildPhase section */

/* Begin PBXGroup section */
		820772501A38A42600A0C871 = {
			isa = PBXGroup;
			children = (
				8207725B1A38A42600A0C871 /* Firstxcodproject */,
				820772711A38A42600A0C871 /* FirstxcodprojectTests */,
				8207725A1A38A42600A0C871 /* Products */,
			);
			sourceTree = "<group>";
		};
		8207725A1A38A42600A0C871 /* Products */ = {
			isa = PBXGroup;
			children = (
				820772591A38A42600A0C871 /* Firstxcodproject.app */,
				8207726E1A38A42600A0C871 /* FirstxcodprojectTests.xctest */,
			);
			name = Products;
			sourceTree = "<group>";
		};
		8207725B1A38A42600A0C871 /* Firstxcodproject */ = {
			isa = PBXGroup;
			children = (
				8207725E1A38A42600A0C871 /* AppDelegate.swift */,
				820772601A38A42600A0C871 /* ViewController.swift */,
				820772621A38A42600A0C871 /* Main.storyboard */,
				820772651A38A42600A0C871 /* Images.xcassets */,
				820772671A38A42600A0C871 /* LaunchScreen.xib */,
				8207725C1A38A42600A0C871 /* Supporting Files */,
			);
			path = Firstxcodproject;
			sourceTree = "<group>";
		};
		8207725C1A38A42600A0C871 /* Supporting Files */ = {
			isa = PBXGroup;
			children = (
				8207725D1A38A42600A0C871 /* Info.plist */,
			);
			name = "Supporting Files";
			sourceTree = "<group>";
		};
		820772711A38A42600A0C871 /* FirstxcodprojectTests */ = {
			isa = PBXGroup;
			children = (
				820772741A38A42600A0C871 /* FirstxcodprojectTests.swift */,
				820772721A38A42600A0C871 /* Supporting Files */,
			);
			path = FirstxcodprojectTests;
			sourceTree = "<group>";
		};
		820772721A38A42600A0C871 /* Supporting Files */ = {
			isa = PBXGroup;
			children = (
				820772731A38A42600A0C871 /* Info.plist */,
			);
			name = "Supporting Files";
			sourceTree = "<group>";
		};
/* End PBXGroup section */

/* Begin PBXNativeTarget section */
		820772581A38A42600A0C871 /* Firstxcodproject */ = {
			isa = PBXNativeTarget;
			buildConfigurationList = 820772781A38A42600A0C871 /* Build configuration list for PBXNativeTarget "Firstxcodproject" */;
			buildPhases = (
				820772551A38A42600A0C871 /* Sources */,
				820772561A38A42600A0C871 /* Frameworks */,
				820772571A38A42600A0C871 /* Resources */,
			);
			buildRules = (
			);
			dependencies = (
			);
			name = Firstxcodproject;
			productName = Firstxcodproject;
			productReference = 820772591A38A42600A0C871 /* Firstxcodproject.app */;
			productType = "com.apple.product-type.application";
		};
		8207726D1A38A42600A0C871 /* FirstxcodprojectTests */ = {
			isa = PBXNativeTarget;
			buildConfigurationList = 8207727B1A38A42600A0C871 /* Build configuration list for PBXNativeTarget "FirstxcodprojectTests" */;
			buildPhases = (
				8207726A1A38A42600A0C871 /* Sources */,
				8207726B1A38A42600A0C871 /* Frameworks */,
				8207726C1A38A42600A0C871 /* Resources */,
			);
			buildRules = (
			);
			dependencies = (
				820772701A38A42600A0C871 /* PBXTargetDependency */,
			);
			name = FirstxcodprojectTests;
			productName = FirstxcodprojectTests;
			productReference = 8207726E1A38A42600A0C871 /* FirstxcodprojectTests.xctest */;
			productType = "com.apple.product-type.bundle.unit-test";
		};
/* End PBXNativeTarget section */

/* Begin PBXProject section */
		820772511A38A42600A0C871 /* Project object */ = {
			isa = PBXProject;
			attributes = {
				LastUpgradeCheck = 0610;
				ORGANIZATIONNAME = CTEC;
				TargetAttributes = {
					820772581A38A42600A0C871 = {
						CreatedOnToolsVersion = 6.1.1;
					};
					8207726D1A38A42600A0C871 = {
						CreatedOnToolsVersion = 6.1.1;
						TestTargetID = 820772581A38A42600A0C871;
					};
				};
			};
			buildConfigurationList = 820772541A38A42600A0C871 /* Build configuration list for PBXProject "Firstxcodproject" */;
			compatibilityVersion = "Xcode 3.2";
			developmentRegion = English;
			hasScannedForEncodings = 0;
			knownRegions = (
				en,
				Base,
			);
			mainGroup = 820772501A38A42600A0C871;
			productRefGroup = 8207725A1A38A42600A0C871 /* Products */;
			projectDirPath = "";
			projectRoot = "";
			targets = (
				820772581A38A42600A0C871 /* Firstxcodproject */,
				8207726D1A38A42600A0C871 /* FirstxcodprojectTests */,
			);
		};
/* End PBXProject section */

/* Begin PBXResourcesBuildPhase section */
		820772571A38A42600A0C871 /* Resources */ = {
			isa = PBXResourcesBuildPhase;
			buildActionMask = 2147483647;
			files = (
				820772641A38A42600A0C871 /* Main.storyboard in Resources */,
				820772691A38A42600A0C871 /* LaunchScreen.xib in Resources */,
				820772661A38A42600A0C871 /* Images.xcassets in Resources */,
			);
			runOnlyForDeploymentPostprocessing = 0;
		};
		8207726C1A38A42600A0C871 /* Resources */ = {
			isa = PBXResourcesBuildPhase;
			buildActionMask = 2147483647;
			files = (
			);
			runOnlyForDeploymentPostprocessing = 0;
		};
/* End PBXResourcesBuildPhase section */

/* Begin PBXSourcesBuildPhase section */
		820772551A38A42600A0C871 /* Sources */ = {
			isa = PBXSourcesBuildPhase;
			buildActionMask = 2147483647;
			files = (
				820772611A38A42600A0C871 /* ViewController.swift in Sources */,
				8207725F1A38A42600A0C871 /* AppDelegate.swift in Sources */,
			);
			runOnlyForDeploymentPostprocessing = 0;
		};
		8207726A1A38A42600A0C871 /* Sources */ = {
			isa = PBXSourcesBuildPhase;
			buildActionMask = 2147483647;
			files = (
				820772751A38A42600A0C871 /* FirstxcodprojectTests.swift in Sources */,
			);
			runOnlyForDeploymentPostprocessing = 0;
		};
/* End PBXSourcesBuildPhase section */

/* Begin PBXTargetDependency section */
		820772701A38A42600A0C871 /* PBXTargetDependency */ = {
			isa = PBXTargetDependency;
			target = 820772581A38A42600A0C871 /* Firstxcodproject */;
			targetProxy = 8207726F1A38A42600A0C871 /* PBXContainerItemProxy */;
		};
/* End PBXTargetDependency section */

/* Begin PBXVariantGroup section */
		820772621A38A42600A0C871 /* Main.storyboard */ = {
			isa = PBXVariantGroup;
			children = (
				820772631A38A42600A0C871 /* Base */,
			);
			name = Main.storyboard;
			sourceTree = "<group>";
		};
		820772671A38A42600A0C871 /* LaunchScreen.xib */ = {
			isa = PBXVariantGroup;
			children = (
				820772681A38A42600A0C871 /* Base */,
			);
			name = LaunchScreen.xib;
			sourceTree = "<group>";
		};
/* End PBXVariantGroup section */

/* Begin XCBuildConfiguration section */
		820772761A38A42600A0C871 /* Debug */ = {
			isa = XCBuildConfiguration;
			buildSettings = {
				ALWAYS_SEARCH_USER_PATHS = NO;
				CLANG_CXX_LANGUAGE_STANDARD = "gnu++0x";
				CLANG_CXX_LIBRARY = "libc++";
				CLANG_ENABLE_MODULES = YES;
				CLANG_ENABLE_OBJC_ARC = YES;
				CLANG_WARN_BOOL_CONVERSION = YES;
				CLANG_WARN_CONSTANT_CONVERSION = YES;
				CLANG_WARN_DIRECT_OBJC_ISA_USAGE = YES_ERROR;
				CLANG_WARN_EMPTY_BODY = YES;
				CLANG_WARN_ENUM_CONVERSION = YES;
				CLANG_WARN_INT_CONVERSION = YES;
				CLANG_WARN_OBJC_ROOT_CLASS = YES_ERROR;
				CLANG_WARN_UNREACHABLE_CODE = YES;
				CLANG_WARN__DUPLICATE_METHOD_MATCH = YES;
				"CODE_SIGN_IDENTITY[sdk=iphoneos*]" = "iPhone Developer";
				COPY_PHASE_STRIP = NO;
				ENABLE_STRICT_OBJC_MSGSEND = YES;
				GCC_C_LANGUAGE_STANDARD = gnu99;
				GCC_DYNAMIC_NO_PIC = NO;
				GCC_OPTIMIZATION_LEVEL = 0;
				GCC_PREPROCESSOR_DEFINITIONS = (
					"DEBUG=1",
					"$(inherited)",
				);
				GCC_SYMBOLS_PRIVATE_EXTERN = NO;
				GCC_WARN_64_TO_32_BIT_CONVERSION = YES;
				GCC_WARN_ABOUT_RETURN_TYPE = YES_ERROR;
				GCC_WARN_UNDECLARED_SELECTOR = YES;
				GCC_WARN_UNINITIALIZED_AUTOS = YES_AGGRESSIVE;
				GCC_WARN_UNUSED_FUNCTION = YES;
				GCC_WARN_UNUSED_VARIABLE = YES;
				IPHONEOS_DEPLOYMENT_TARGET = 8.1;
				MTL_ENABLE_DEBUG_INFO = YES;
				ONLY_ACTIVE_ARCH = YES;
				SDKROOT = iphoneos;
				SWIFT_OPTIMIZATION_LEVEL = "-Onone";
				TARGETED_DEVICE_FAMILY = "1,2";
			};
			name = Debug;
		};
		820772771A38A42600A0C871 /* Release */ = {
			isa = XCBuildConfiguration;
			buildSettings = {
				ALWAYS_SEARCH_USER_PATHS = NO;
				CLANG_CXX_LANGUAGE_STANDARD = "gnu++0x";
				CLANG_CXX_LIBRARY = "libc++";
				CLANG_ENABLE_MODULES = YES;
				CLANG_ENABLE_OBJC_ARC = YES;
				CLANG_WARN_BOOL_CONVERSION = YES;
				CLANG_WARN_CONSTANT_CONVERSION = YES;
				CLANG_WARN_DIRECT_OBJC_ISA_USAGE = YES_ERROR;
				CLANG_WARN_EMPTY_BODY = YES;
				CLANG_WARN_ENUM_CONVERSION = YES;
				CLANG_WARN_INT_CONVERSION = YES;
				CLANG_WARN_OBJC_ROOT_CLASS = YES_ERROR;
				CLANG_WARN_UNREACHABLE_CODE = YES;
				CLANG_WARN__DUPLICATE_METHOD_MATCH = YES;
				"CODE_SIGN_IDENTITY[sdk=iphoneos*]" = "iPhone Developer";
				COPY_PHASE_STRIP = YES;
				ENABLE_NS_ASSERTIONS = NO;
				ENABLE_STRICT_OBJC_MSGSEND = YES;
				GCC_C_LANGUAGE_STANDARD = gnu99;
				GCC_WARN_64_TO_32_BIT_CONVERSION = YES;
				GCC_WARN_ABOUT_RETURN_TYPE = YES_ERROR;
				GCC_WARN_UNDECLARED_SELECTOR = YES;
				GCC_WARN_UNINITIALIZED_AUTOS = YES_AGGRESSIVE;
				GCC_WARN_UNUSED_FUNCTION = YES;
				GCC_WARN_UNUSED_VARIABLE = YES;
				IPHONEOS_DEPLOYMENT_TARGET = 8.1;
				MTL_ENABLE_DEBUG_INFO = NO;
				SDKROOT = iphoneos;
				TARGETED_DEVICE_FAMILY = "1,2";
				VALIDATE_PRODUCT = YES;
			};
			name = Release;
		};
		820772791A38A42600A0C871 /* Debug */ = {
			isa = XCBuildConfiguration;
			buildSettings = {
				ASSETCATALOG_COMPILER_APPICON_NAME = AppIcon;
				INFOPLIST_FILE = Firstxcodproject/Info.plist;
				LD_RUNPATH_SEARCH_PATHS = "$(inherited) @executable_path/Frameworks";
				PRODUCT_NAME = "$(TARGET_NAME)";
			};
			name = Debug;
		};
		8207727A1A38A42600A0C871 /* Release */ = {
			isa = XCBuildConfiguration;
			buildSettings = {
				ASSETCATALOG_COMPILER_APPICON_NAME = AppIcon;
				INFOPLIST_FILE = Firstxcodproject/Info.plist;
				LD_RUNPATH_SEARCH_PATHS = "$(inherited) @executable_path/Frameworks";
				PRODUCT_NAME = "$(TARGET_NAME)";
			};
			name = Release;
		};
		8207727C1A38A42600A0C871 /* Debug */ = {
			isa = XCBuildConfiguration;
			buildSettings = {
				BUNDLE_LOADER = "$(TEST_HOST)";
				FRAMEWORK_SEARCH_PATHS = (
					"$(SDKROOT)/Developer/Library/Frameworks",
					"$(inherited)",
				);
				GCC_PREPROCESSOR_DEFINITIONS = (
					"DEBUG=1",
					"$(inherited)",
				);
				INFOPLIST_FILE = FirstxcodprojectTests/Info.plist;
				LD_RUNPATH_SEARCH_PATHS = "$(inherited) @executable_path/Frameworks @loader_path/Frameworks";
				PRODUCT_NAME = "$(TARGET_NAME)";
				TEST_HOST = "$(BUILT_PRODUCTS_DIR)/Firstxcodproject.app/Firstxcodproject";
			};
			name = Debug;
		};
		8207727D1A38A42600A0C871 /* Release */ = {
			isa = XCBuildConfiguration;
			buildSettings = {
				BUNDLE_LOADER = "$(TEST_HOST)";
				FRAMEWORK_SEARCH_PATHS = (
					"$(SDKROOT)/Developer/Library/Frameworks",
					"$(inherited)",
				);
				INFOPLIST_FILE = FirstxcodprojectTests/Info.plist;
				LD_RUNPATH_SEARCH_PATHS = "$(inherited) @executable_path/Frameworks @loader_path/Frameworks";
				PRODUCT_NAME = "$(TARGET_NAME)";
				TEST_HOST = "$(BUILT_PRODUCTS_DIR)/Firstxcodproject.app/Firstxcodproject";
			};
			name = Release;
		};
/* End XCBuildConfiguration section */

/* Begin XCConfigurationList section */
		820772541A38A42600A0C871 /* Build configuration list for PBXProject "Firstxcodproject" */ = {
			isa = XCConfigurationList;
			buildConfigurations = (
				820772761A38A42600A0C871 /* Debug */,
				820772771A38A42600A0C871 /* Release */,
			);
			defaultConfigurationIsVisible = 0;
			defaultConfigurationName = Release;
		};
		820772781A38A42600A0C871 /* Build configuration list for PBXNativeTarget "Firstxcodproject" */ = {
			isa = XCConfigurationList;
			buildConfigurations = (
				820772791A38A42600A0C871 /* Debug */,
				8207727A1A38A42600A0C871 /* Release */,
			);
			defaultConfigurationIsVisible = 0;
		};
		8207727B1A38A42600A0C871 /* Build configuration list for PBXNativeTarget "FirstxcodprojectTests" */ = {
			isa = XCConfigurationList;
			buildConfigurations = (
				8207727C1A38A42600A0C871 /* Debug */,
				8207727D1A38A42600A0C871 /* Release */,
			);
			defaultConfigurationIsVisible = 0;
		};
/* End XCConfigurationList section */
	};
	rootObject = 820772511A38A42600A0C871 /* Project object */;
}
